
Microsoft Visual Studio Solution File, Format Version 12.00
# Visual Studio Version 17
VisualStudioVersion = 17.2.32616.157
MinimumVisualStudioVersion = 10.0.40219.1
Project("{FAE04EC0-301F-11D3-BF4B-00C04F79EFBC}") = "JWTAuth.WebApi", "JWTAuth.WebApi\JWTAuth.WebApi.csproj", "{68B0B5AA-5551-4E88-9142-C452B191060C}"
EndProject
Global
	GlobalSection(SolutionConfigurationPlatforms) = preSolution
		Debug|Any CPU = Debug|Any CPU
		Release|Any CPU = Release|Any CPU
	EndGlobalSection
	GlobalSection(ProjectConfigurationPlatforms) = postSolution
		{68B0B5AA-5551-4E88-9142-C452B191060C}.Debug|Any CPU.ActiveCfg = Debug|Any CPU
		{68B0B5AA-5551-4E88-9142-C452B191060C}.Debug|Any CPU.Build.0 = Debug|Any CPU
		{68B0B5AA-5551-4E88-9142-C452B191060C}.Release|Any CPU.ActiveCfg = Release|Any CPU
		{68B0B5AA-5551-4E88-9142-C452B191060C}.Release|Any CPU.Build.0 = Release|Any CPU
	EndGlobalSection
	GlobalSection(SolutionProperties) = preSolution
		HideSolutionNode = FALSE
	EndGlobalSection
	GlobalSection(ExtensibilityGlobals) = postSolution
		SolutionGuid = {8193F0B1-166D-489E-B17B-F2DF507CFC8A}
	EndGlobalSection
EndGlobal
